
Microsoft Visual Studio Solution File, Format Version 12.00
# Visual Studio Version 17
VisualStudioVersion = 17.8.34525.116
MinimumVisualStudioVersion = 10.0.40219.1
Project("{FAE04EC0-301F-11D3-BF4B-00C04F79EFBC}") = "Lesson3", "Lesson3\Lesson3.csproj", "{0FFE216D-B2AB-4506-8EC0-F974C2809983}"
EndProject
Global
	GlobalSection(SolutionConfigurationPlatforms) = preSolution
		Debug|Any CPU = Debug|Any CPU
		Release|Any CPU = Release|Any CPU
	EndGlobalSection
	GlobalSection(ProjectConfigurationPlatforms) = postSolution
		{0FFE216D-B2AB-4506-8EC0-F974C2809983}.Debug|Any CPU.ActiveCfg = Debug|Any CPU
		{0FFE216D-B2AB-4506-8EC0-F974C2809983}.Debug|Any CPU.Build.0 = Debug|Any CPU
		{0FFE216D-B2AB-4506-8EC0-F974C2809983}.Release|Any CPU.ActiveCfg = Release|Any CPU
		{0FFE216D-B2AB-4506-8EC0-F974C2809983}.Release|Any CPU.Build.0 = Release|Any CPU
	EndGlobalSection
	GlobalSection(SolutionProperties) = preSolution
		HideSolutionNode = FALSE
	EndGlobalSection
	GlobalSection(ExtensibilityGlobals) = postSolution
		SolutionGuid = {25C77285-E291-471D-B400-58A580DAF263}
	EndGlobalSection
EndGlobal
